
Microsoft Visual Studio Solution File, Format Version 12.00
# Visual Studio Version 16
VisualStudioVersion = 16.0.31624.102
MinimumVisualStudioVersion = 10.0.40219.1
Project("{FAE04EC0-301F-11D3-BF4B-00C04F79EFBC}") = "composition", "composition.csproj", "{704B137F-B2F8-4061-8BA9-140AB17C6FF4}"
EndProject
Global
	GlobalSection(SolutionConfigurationPlatforms) = preSolution
		Debug|Any CPU = Debug|Any CPU
		Release|Any CPU = Release|Any CPU
	EndGlobalSection
	GlobalSection(ProjectConfigurationPlatforms) = postSolution
		{704B137F-B2F8-4061-8BA9-140AB17C6FF4}.Debug|Any CPU.ActiveCfg = Debug|Any CPU
		{704B137F-B2F8-4061-8BA9-140AB17C6FF4}.Debug|Any CPU.Build.0 = Debug|Any CPU
		{704B137F-B2F8-4061-8BA9-140AB17C6FF4}.Release|Any CPU.ActiveCfg = Release|Any CPU
		{704B137F-B2F8-4061-8BA9-140AB17C6FF4}.Release|Any CPU.Build.0 = Release|Any CPU
	EndGlobalSection
	GlobalSection(SolutionProperties) = preSolution
		HideSolutionNode = FALSE
	EndGlobalSection
	GlobalSection(ExtensibilityGlobals) = postSolution
		SolutionGuid = {FD95ADB7-F13B-4512-BD6B-B31550B70BCB}
	EndGlobalSection
EndGlobal
